
Microsoft Visual Studio Solution File, Format Version 12.00
Project("{2150E333-8FDC-42A3-9474-1A3956D46DE8}") = "Qx.Core", "Qx.Core", "{859C08A1-C626-40B5-BBB8-2D59AE397A5E}"
EndProject
Project("{FAE04EC0-301F-11D3-BF4B-00C04F79EFBC}") = "Qx.Core.Logging", "Qx.Core.Logging\Qx.Core.Logging.csproj", "{27A72AC9-CFBF-4872-B1A7-9A2B84F95276}"
EndProject
Project("{2150E333-8FDC-42A3-9474-1A3956D46DE8}") = "Qx.Services", "Qx.Services", "{8FB12AE7-E686-4D8D-A665-3C75FFA804B2}"
EndProject
Project("{2150E333-8FDC-42A3-9474-1A3956D46DE8}") = "Solution Items", "Solution Items", "{99A443FA-7980-4D77-89C4-D1CFE2AD4CF9}"
	ProjectSection(SolutionItems) = preProject
		compose.yaml = compose.yaml
	EndProjectSection
EndProject
Project("{2150E333-8FDC-42A3-9474-1A3956D46DE8}") = "Qx.Infrastructure", "Qx.Infrastructure", "{B986E6DC-4154-4653-A78A-1F74D6D02A4D}"
EndProject
Project("{2150E333-8FDC-42A3-9474-1A3956D46DE8}") = "Qx.Domain", "Qx.Domain", "{9C671B4A-4007-4DDC-B613-03C314C8FCAD}"
EndProject
Project("{FAE04EC0-301F-11D3-BF4B-00C04F79EFBC}") = "Qx.Domain.Locations", "Qx.Domain.Locations\Qx.Domain.Locations.csproj", "{334A4DBC-ADB3-468B-81D0-6F672DAAE8C0}"
EndProject
Project("{FAE04EC0-301F-11D3-BF4B-00C04F79EFBC}") = "Qx.Infrastructure.Persistence", "Qx.Infrastructure.Persistence\Qx.Infrastructure.Persistence.csproj", "{A4648385-7AE9-4D52-92BC-42787BBEF11B}"
EndProject
Project("{FAE04EC0-301F-11D3-BF4B-00C04F79EFBC}") = "Qx.Core", "Qx.Core\Qx.Core.csproj", "{D60ECB57-2316-46A7-B902-292A61C99E54}"
EndProject
Project("{FAE04EC0-301F-11D3-BF4B-00C04F79EFBC}") = "Qx.Domain.Consumables", "Qx.Domain.Consumables\Qx.Domain.Consumables.csproj", "{5287D102-9743-4A79-A2AF-C6CA2CAAC93F}"
EndProject
Project("{FAE04EC0-301F-11D3-BF4B-00C04F79EFBC}") = "Qx.Domain.Liquids", "Qx.Domain.Liquids\Qx.Domain.Liquids.csproj", "{8F3EE600-4489-4195-A265-B2440B0E7CBF}"
EndProject
Project("{2150E333-8FDC-42A3-9474-1A3956D46DE8}") = "Qx.Tests", "Qx.Tests", "{D242B92D-9687-46CD-A842-6C76DA521964}"
EndProject
Project("{FAE04EC0-301F-11D3-BF4B-00C04F79EFBC}") = "Qx.Tests.Domain", "Qx.Tests.Domain\Qx.Tests.Domain.csproj", "{560C753B-F467-4D9A-9AEC-E44D2B625CA7}"
EndProject
Project("{FAE04EC0-301F-11D3-BF4B-00C04F79EFBC}") = "Qx.Core.Mathematics", "Qx.Core.Mathematics\Qx.Core.Mathematics.csproj", "{60668972-BF64-4D86-B65E-3DDA2D33E5E1}"
EndProject
Project("{FAE04EC0-301F-11D3-BF4B-00C04F79EFBC}") = "Qx.Core.Configuration", "Qx.Core.Configuration\Qx.Core.Configuration.csproj", "{67F41E39-FF2F-4202-B33C-CDF3B24F238B}"
EndProject
Project("{FAE04EC0-301F-11D3-BF4B-00C04F79EFBC}") = "Qx.Services.RunOrchestrator", "Qx.Services.RunOrchestrator\Qx.Services.RunOrchestrator.csproj", "{49B26617-047C-477F-9C81-00D4122FD05B}"
EndProject
Project("{FAE04EC0-301F-11D3-BF4B-00C04F79EFBC}") = "Qx.Services.InstrumentOrchestrator", "Qx.Services.InstrumentOrchestrator\Qx.Services.InstrumentOrchestrator.csproj", "{3C5D0C48-7136-4520-8366-2774088807EF}"
EndProject
Project("{FAE04EC0-301F-11D3-BF4B-00C04F79EFBC}") = "Qx.Services.RunScheduler", "Qx.Services.RunScheduler\Qx.Services.RunScheduler.csproj", "{4F26EC60-EA8F-402F-A204-F5FC579DD4A4}"
EndProject
Project("{FAE04EC0-301F-11D3-BF4B-00C04F79EFBC}") = "Qx.Services.InstrumentScheduler", "Qx.Services.InstrumentScheduler\Qx.Services.InstrumentScheduler.csproj", "{400A7F61-9A90-4BE9-801C-E3B5276AE31F}"
EndProject
Project("{FAE04EC0-301F-11D3-BF4B-00C04F79EFBC}") = "Qx.QxM.Host", "Qx.QxM.Host\Qx.QxM.Host.csproj", "{8AE1EF57-1F61-4F29-B079-B2A42EA8F6EA}"
EndProject
Project("{2150E333-8FDC-42A3-9474-1A3956D46DE8}") = "Qx.Application", "Qx.Application", "{B2B095C9-F533-4BFC-8551-62A41392A764}"
EndProject
Project("{FAE04EC0-301F-11D3-BF4B-00C04F79EFBC}") = "Qx.Application.Services", "Qx.Application.Services\Qx.Application.Services.csproj", "{148705F6-4F67-46CD-B0D3-1BA4A9E32181}"
EndProject
Project("{FAE04EC0-301F-11D3-BF4B-00C04F79EFBC}") = "Qx.Domain.Labware", "Qx.Domain.Labware\Qx.Domain.Labware.csproj", "{06FAE303-14A6-464B-9044-457006657DBB}"
EndProject
Project("{FAE04EC0-301F-11D3-BF4B-00C04F79EFBC}") = "Qx.Domain.Deck", "Qx.Domain.Deck\Qx.Domain.Deck.csproj", "{B0D4728A-A88D-43CB-BF0A-85A7F898CA44}"
EndProject
Project("{FAE04EC0-301F-11D3-BF4B-00C04F79EFBC}") = "Qx.Domain.Inventory", "Qx.Domain.Inventory\Qx.Domain.Inventory.csproj", "{384516A5-28F0-4CA8-8F37-DC8F18CFD1EA}"
EndProject
Project("{FAE04EC0-301F-11D3-BF4B-00C04F79EFBC}") = "Qx.Domain.Devices", "Qx.Domain.Devices\Qx.Domain.Devices.csproj", "{D3A9DB9E-24F4-4E56-83E6-176EEA4C70C0}"
EndProject
Project("{FAE04EC0-301F-11D3-BF4B-00C04F79EFBC}") = "Qx.Core.Measurement", "Qx.Core.Measurement\Qx.Core.Measurement.csproj", "{49CCFEB4-F864-410C-8FDB-3E86AC1E75CB}"
EndProject
Global
	GlobalSection(SolutionConfigurationPlatforms) = preSolution
		Debug|Any CPU = Debug|Any CPU
		Release|Any CPU = Release|Any CPU
	EndGlobalSection
	GlobalSection(ProjectConfigurationPlatforms) = postSolution
		{27A72AC9-CFBF-4872-B1A7-9A2B84F95276}.Debug|Any CPU.ActiveCfg = Debug|Any CPU
		{27A72AC9-CFBF-4872-B1A7-9A2B84F95276}.Debug|Any CPU.Build.0 = Debug|Any CPU
		{27A72AC9-CFBF-4872-B1A7-9A2B84F95276}.Release|Any CPU.ActiveCfg = Release|Any CPU
		{27A72AC9-CFBF-4872-B1A7-9A2B84F95276}.Release|Any CPU.Build.0 = Release|Any CPU
		{334A4DBC-ADB3-468B-81D0-6F672DAAE8C0}.Debug|Any CPU.ActiveCfg = Debug|Any CPU
		{334A4DBC-ADB3-468B-81D0-6F672DAAE8C0}.Debug|Any CPU.Build.0 = Debug|Any CPU
		{334A4DBC-ADB3-468B-81D0-6F672DAAE8C0}.Release|Any CPU.ActiveCfg = Release|Any CPU
		{334A4DBC-ADB3-468B-81D0-6F672DAAE8C0}.Release|Any CPU.Build.0 = Release|Any CPU
		{A4648385-7AE9-4D52-92BC-42787BBEF11B}.Debug|Any CPU.ActiveCfg = Debug|Any CPU
		{A4648385-7AE9-4D52-92BC-42787BBEF11B}.Debug|Any CPU.Build.0 = Debug|Any CPU
		{A4648385-7AE9-4D52-92BC-42787BBEF11B}.Release|Any CPU.ActiveCfg = Release|Any CPU
		{A4648385-7AE9-4D52-92BC-42787BBEF11B}.Release|Any CPU.Build.0 = Release|Any CPU
		{D60ECB57-2316-46A7-B902-292A61C99E54}.Debug|Any CPU.ActiveCfg = Debug|Any CPU
		{D60ECB57-2316-46A7-B902-292A61C99E54}.Debug|Any CPU.Build.0 = Debug|Any CPU
		{D60ECB57-2316-46A7-B902-292A61C99E54}.Release|Any CPU.ActiveCfg = Release|Any CPU
		{D60ECB57-2316-46A7-B902-292A61C99E54}.Release|Any CPU.Build.0 = Release|Any CPU
		{5287D102-9743-4A79-A2AF-C6CA2CAAC93F}.Debug|Any CPU.ActiveCfg = Debug|Any CPU
		{5287D102-9743-4A79-A2AF-C6CA2CAAC93F}.Debug|Any CPU.Build.0 = Debug|Any CPU
		{5287D102-9743-4A79-A2AF-C6CA2CAAC93F}.Release|Any CPU.ActiveCfg = Release|Any CPU
		{5287D102-9743-4A79-A2AF-C6CA2CAAC93F}.Release|Any CPU.Build.0 = Release|Any CPU
		{8F3EE600-4489-4195-A265-B2440B0E7CBF}.Debug|Any CPU.ActiveCfg = Debug|Any CPU
		{8F3EE600-4489-4195-A265-B2440B0E7CBF}.Debug|Any CPU.Build.0 = Debug|Any CPU
		{8F3EE600-4489-4195-A265-B2440B0E7CBF}.Release|Any CPU.ActiveCfg = Release|Any CPU
		{8F3EE600-4489-4195-A265-B2440B0E7CBF}.Release|Any CPU.Build.0 = Release|Any CPU
		{560C753B-F467-4D9A-9AEC-E44D2B625CA7}.Debug|Any CPU.ActiveCfg = Debug|Any CPU
		{560C753B-F467-4D9A-9AEC-E44D2B625CA7}.Debug|Any CPU.Build.0 = Debug|Any CPU
		{560C753B-F467-4D9A-9AEC-E44D2B625CA7}.Release|Any CPU.ActiveCfg = Release|Any CPU
		{560C753B-F467-4D9A-9AEC-E44D2B625CA7}.Release|Any CPU.Build.0 = Release|Any CPU
		{60668972-BF64-4D86-B65E-3DDA2D33E5E1}.Debug|Any CPU.ActiveCfg = Debug|Any CPU
		{60668972-BF64-4D86-B65E-3DDA2D33E5E1}.Debug|Any CPU.Build.0 = Debug|Any CPU
		{60668972-BF64-4D86-B65E-3DDA2D33E5E1}.Release|Any CPU.ActiveCfg = Release|Any CPU
		{60668972-BF64-4D86-B65E-3DDA2D33E5E1}.Release|Any CPU.Build.0 = Release|Any CPU
		{67F41E39-FF2F-4202-B33C-CDF3B24F238B}.Debug|Any CPU.ActiveCfg = Debug|Any CPU
		{67F41E39-FF2F-4202-B33C-CDF3B24F238B}.Debug|Any CPU.Build.0 = Debug|Any CPU
		{67F41E39-FF2F-4202-B33C-CDF3B24F238B}.Release|Any CPU.ActiveCfg = Release|Any CPU
		{67F41E39-FF2F-4202-B33C-CDF3B24F238B}.Release|Any CPU.Build.0 = Release|Any CPU
		{49B26617-047C-477F-9C81-00D4122FD05B}.Debug|Any CPU.ActiveCfg = Debug|Any CPU
		{49B26617-047C-477F-9C81-00D4122FD05B}.Debug|Any CPU.Build.0 = Debug|Any CPU
		{49B26617-047C-477F-9C81-00D4122FD05B}.Release|Any CPU.ActiveCfg = Release|Any CPU
		{49B26617-047C-477F-9C81-00D4122FD05B}.Release|Any CPU.Build.0 = Release|Any CPU
		{3C5D0C48-7136-4520-8366-2774088807EF}.Debug|Any CPU.ActiveCfg = Debug|Any CPU
		{3C5D0C48-7136-4520-8366-2774088807EF}.Debug|Any CPU.Build.0 = Debug|Any CPU
		{3C5D0C48-7136-4520-8366-2774088807EF}.Release|Any CPU.ActiveCfg = Release|Any CPU
		{3C5D0C48-7136-4520-8366-2774088807EF}.Release|Any CPU.Build.0 = Release|Any CPU
		{4F26EC60-EA8F-402F-A204-F5FC579DD4A4}.Debug|Any CPU.ActiveCfg = Debug|Any CPU
		{4F26EC60-EA8F-402F-A204-F5FC579DD4A4}.Debug|Any CPU.Build.0 = Debug|Any CPU
		{4F26EC60-EA8F-402F-A204-F5FC579DD4A4}.Release|Any CPU.ActiveCfg = Release|Any CPU
		{4F26EC60-EA8F-402F-A204-F5FC579DD4A4}.Release|Any CPU.Build.0 = Release|Any CPU
		{400A7F61-9A90-4BE9-801C-E3B5276AE31F}.Debug|Any CPU.ActiveCfg = Debug|Any CPU
		{400A7F61-9A90-4BE9-801C-E3B5276AE31F}.Debug|Any CPU.Build.0 = Debug|Any CPU
		{400A7F61-9A90-4BE9-801C-E3B5276AE31F}.Release|Any CPU.ActiveCfg = Release|Any CPU
		{400A7F61-9A90-4BE9-801C-E3B5276AE31F}.Release|Any CPU.Build.0 = Release|Any CPU
		{8AE1EF57-1F61-4F29-B079-B2A42EA8F6EA}.Debug|Any CPU.ActiveCfg = Debug|Any CPU
		{8AE1EF57-1F61-4F29-B079-B2A42EA8F6EA}.Debug|Any CPU.Build.0 = Debug|Any CPU
		{8AE1EF57-1F61-4F29-B079-B2A42EA8F6EA}.Release|Any CPU.ActiveCfg = Release|Any CPU
		{8AE1EF57-1F61-4F29-B079-B2A42EA8F6EA}.Release|Any CPU.Build.0 = Release|Any CPU
		{148705F6-4F67-46CD-B0D3-1BA4A9E32181}.Debug|Any CPU.ActiveCfg = Debug|Any CPU
		{148705F6-4F67-46CD-B0D3-1BA4A9E32181}.Debug|Any CPU.Build.0 = Debug|Any CPU
		{148705F6-4F67-46CD-B0D3-1BA4A9E32181}.Release|Any CPU.ActiveCfg = Release|Any CPU
		{148705F6-4F67-46CD-B0D3-1BA4A9E32181}.Release|Any CPU.Build.0 = Release|Any CPU
		{06FAE303-14A6-464B-9044-457006657DBB}.Debug|Any CPU.ActiveCfg = Debug|Any CPU
		{06FAE303-14A6-464B-9044-457006657DBB}.Debug|Any CPU.Build.0 = Debug|Any CPU
		{06FAE303-14A6-464B-9044-457006657DBB}.Release|Any CPU.ActiveCfg = Release|Any CPU
		{06FAE303-14A6-464B-9044-457006657DBB}.Release|Any CPU.Build.0 = Release|Any CPU
		{B0D4728A-A88D-43CB-BF0A-85A7F898CA44}.Debug|Any CPU.ActiveCfg = Debug|Any CPU
		{B0D4728A-A88D-43CB-BF0A-85A7F898CA44}.Debug|Any CPU.Build.0 = Debug|Any CPU
		{B0D4728A-A88D-43CB-BF0A-85A7F898CA44}.Release|Any CPU.ActiveCfg = Release|Any CPU
		{B0D4728A-A88D-43CB-BF0A-85A7F898CA44}.Release|Any CPU.Build.0 = Release|Any CPU
		{384516A5-28F0-4CA8-8F37-DC8F18CFD1EA}.Debug|Any CPU.ActiveCfg = Debug|Any CPU
		{384516A5-28F0-4CA8-8F37-DC8F18CFD1EA}.Debug|Any CPU.Build.0 = Debug|Any CPU
		{384516A5-28F0-4CA8-8F37-DC8F18CFD1EA}.Release|Any CPU.ActiveCfg = Release|Any CPU
		{384516A5-28F0-4CA8-8F37-DC8F18CFD1EA}.Release|Any CPU.Build.0 = Release|Any CPU
		{D3A9DB9E-24F4-4E56-83E6-176EEA4C70C0}.Debug|Any CPU.ActiveCfg = Debug|Any CPU
		{D3A9DB9E-24F4-4E56-83E6-176EEA4C70C0}.Debug|Any CPU.Build.0 = Debug|Any CPU
		{D3A9DB9E-24F4-4E56-83E6-176EEA4C70C0}.Release|Any CPU.ActiveCfg = Release|Any CPU
		{D3A9DB9E-24F4-4E56-83E6-176EEA4C70C0}.Release|Any CPU.Build.0 = Release|Any CPU
		{49CCFEB4-F864-410C-8FDB-3E86AC1E75CB}.Debug|Any CPU.ActiveCfg = Debug|Any CPU
		{49CCFEB4-F864-410C-8FDB-3E86AC1E75CB}.Debug|Any CPU.Build.0 = Debug|Any CPU
		{49CCFEB4-F864-410C-8FDB-3E86AC1E75CB}.Release|Any CPU.ActiveCfg = Release|Any CPU
		{49CCFEB4-F864-410C-8FDB-3E86AC1E75CB}.Release|Any CPU.Build.0 = Release|Any CPU
	EndGlobalSection
	GlobalSection(NestedProjects) = preSolution
		{27A72AC9-CFBF-4872-B1A7-9A2B84F95276} = {859C08A1-C626-40B5-BBB8-2D59AE397A5E}
		{334A4DBC-ADB3-468B-81D0-6F672DAAE8C0} = {9C671B4A-4007-4DDC-B613-03C314C8FCAD}
		{A4648385-7AE9-4D52-92BC-42787BBEF11B} = {B986E6DC-4154-4653-A78A-1F74D6D02A4D}
		{D60ECB57-2316-46A7-B902-292A61C99E54} = {859C08A1-C626-40B5-BBB8-2D59AE397A5E}
		{5287D102-9743-4A79-A2AF-C6CA2CAAC93F} = {9C671B4A-4007-4DDC-B613-03C314C8FCAD}
		{8F3EE600-4489-4195-A265-B2440B0E7CBF} = {9C671B4A-4007-4DDC-B613-03C314C8FCAD}
		{560C753B-F467-4D9A-9AEC-E44D2B625CA7} = {D242B92D-9687-46CD-A842-6C76DA521964}
		{60668972-BF64-4D86-B65E-3DDA2D33E5E1} = {859C08A1-C626-40B5-BBB8-2D59AE397A5E}
		{67F41E39-FF2F-4202-B33C-CDF3B24F238B} = {859C08A1-C626-40B5-BBB8-2D59AE397A5E}
		{49B26617-047C-477F-9C81-00D4122FD05B} = {8FB12AE7-E686-4D8D-A665-3C75FFA804B2}
		{3C5D0C48-7136-4520-8366-2774088807EF} = {8FB12AE7-E686-4D8D-A665-3C75FFA804B2}
		{4F26EC60-EA8F-402F-A204-F5FC579DD4A4} = {8FB12AE7-E686-4D8D-A665-3C75FFA804B2}
		{400A7F61-9A90-4BE9-801C-E3B5276AE31F} = {8FB12AE7-E686-4D8D-A665-3C75FFA804B2}
		{148705F6-4F67-46CD-B0D3-1BA4A9E32181} = {B2B095C9-F533-4BFC-8551-62A41392A764}
		{06FAE303-14A6-464B-9044-457006657DBB} = {9C671B4A-4007-4DDC-B613-03C314C8FCAD}
		{B0D4728A-A88D-43CB-BF0A-85A7F898CA44} = {9C671B4A-4007-4DDC-B613-03C314C8FCAD}
		{384516A5-28F0-4CA8-8F37-DC8F18CFD1EA} = {9C671B4A-4007-4DDC-B613-03C314C8FCAD}
		{D3A9DB9E-24F4-4E56-83E6-176EEA4C70C0} = {9C671B4A-4007-4DDC-B613-03C314C8FCAD}
		{49CCFEB4-F864-410C-8FDB-3E86AC1E75CB} = {859C08A1-C626-40B5-BBB8-2D59AE397A5E}
	EndGlobalSection
EndGlobal
